// !$*UTF8*$!
{
	archiveVersion = 1;
	classes = {
	};
	objectVersion = 56;
	objects = {

/* Begin PBXBuildFile section */
		46279ACA292D1D7400C6971E /* ClassifiedsApp.swift in Sources */ = {isa = PBXBuildFile; fileRef = 46279AC9292D1D7400C6971E /* ClassifiedsApp.swift */; };
		46279ACC292D1D7400C6971E /* HomeScreenView.swift in Sources */ = {isa = PBXBuildFile; fileRef = 46279ACB292D1D7400C6971E /* HomeScreenView.swift */; };
		46279ACE292D1D7600C6971E /* Assets.xcassets in Resources */ = {isa = PBXBuildFile; fileRef = 46279ACD292D1D7600C6971E /* Assets.xcassets */; };
		46279AD1292D1D7600C6971E /* Preview Assets.xcassets in Resources */ = {isa = PBXBuildFile; fileRef = 46279AD0292D1D7600C6971E /* Preview Assets.xcassets */; };
		46279AD9292D241C00C6971E /* Listing.swift in Sources */ = {isa = PBXBuildFile; fileRef = 46279AD8292D241C00C6971E /* Listing.swift */; };
		46279ADB292D250D00C6971E /* ListingsResponse.swift in Sources */ = {isa = PBXBuildFile; fileRef = 46279ADA292D250D00C6971E /* ListingsResponse.swift */; };
		46279ADF292D389F00C6971E /* ListingView.swift in Sources */ = {isa = PBXBuildFile; fileRef = 46279ADE292D389F00C6971E /* ListingView.swift */; };
		46279AE1292D485F00C6971E /* HomeViewModel.swift in Sources */ = {isa = PBXBuildFile; fileRef = 46279AE0292D485F00C6971E /* HomeViewModel.swift */; };
		46279AE4292D585D00C6971E /* ListingDetailsScreenView.swift in Sources */ = {isa = PBXBuildFile; fileRef = 46279AE3292D585D00C6971E /* ListingDetailsScreenView.swift */; };
		46279AE7292DAC9100C6971E /* ListingsService.swift in Sources */ = {isa = PBXBuildFile; fileRef = 46279AE6292DAC9100C6971E /* ListingsService.swift */; };
		46279AE9292DACD700C6971E /* NetworkListingsService.swift in Sources */ = {isa = PBXBuildFile; fileRef = 46279AE8292DACD700C6971E /* NetworkListingsService.swift */; };
		46279AEC292DB9F500C6971E /* HTTPClient.swift in Sources */ = {isa = PBXBuildFile; fileRef = 46279AEB292DB9F500C6971E /* HTTPClient.swift */; };
		46279AF2292DC58400C6971E /* CachedAsyncImage.swift in Sources */ = {isa = PBXBuildFile; fileRef = 46279AF1292DC58400C6971E /* CachedAsyncImage.swift */; };
		46279AF5292DE74500C6971E /* ImageCache.swift in Sources */ = {isa = PBXBuildFile; fileRef = 46279AF4292DE74500C6971E /* ImageCache.swift */; };
		46279AF7292DE7E600C6971E /* ImageLoader.swift in Sources */ = {isa = PBXBuildFile; fileRef = 46279AF6292DE7E600C6971E /* ImageLoader.swift */; };
		46279AF9292DEB6600C6971E /* ListingViewModel.swift in Sources */ = {isa = PBXBuildFile; fileRef = 46279AF8292DEB6600C6971E /* ListingViewModel.swift */; };
/* End PBXBuildFile section */

/* Begin PBXFileReference section */
		46279AC6292D1D7400C6971E /* Classifieds.app */ = {isa = PBXFileReference; explicitFileType = wrapper.application; includeInIndex = 0; path = Classifieds.app; sourceTree = BUILT_PRODUCTS_DIR; };
		46279AC9292D1D7400C6971E /* ClassifiedsApp.swift */ = {isa = PBXFileReference; lastKnownFileType = sourcecode.swift; path = ClassifiedsApp.swift; sourceTree = "<group>"; };
		46279ACB292D1D7400C6971E /* HomeScreenView.swift */ = {isa = PBXFileReference; lastKnownFileType = sourcecode.swift; path = HomeScreenView.swift; sourceTree = "<group>"; };
		46279ACD292D1D7600C6971E /* Assets.xcassets */ = {isa = PBXFileReference; lastKnownFileType = folder.assetcatalog; path = Assets.xcassets; sourceTree = "<group>"; };
		46279AD0292D1D7600C6971E /* Preview Assets.xcassets */ = {isa = PBXFileReference; lastKnownFileType = folder.assetcatalog; path = "Preview Assets.xcassets"; sourceTree = "<group>"; };
		46279AD8292D241C00C6971E /* Listing.swift */ = {isa = PBXFileReference; lastKnownFileType = sourcecode.swift; path = Listing.swift; sourceTree = "<group>"; };
		46279ADA292D250D00C6971E /* ListingsResponse.swift */ = {isa = PBXFileReference; lastKnownFileType = sourcecode.swift; path = ListingsResponse.swift; sourceTree = "<group>"; };
		46279ADE292D389F00C6971E /* ListingView.swift */ = {isa = PBXFileReference; lastKnownFileType = sourcecode.swift; path = ListingView.swift; sourceTree = "<group>"; };
		46279AE0292D485F00C6971E /* HomeViewModel.swift */ = {isa = PBXFileReference; lastKnownFileType = sourcecode.swift; path = HomeViewModel.swift; sourceTree = "<group>"; };
		46279AE3292D585D00C6971E /* ListingDetailsScreenView.swift */ = {isa = PBXFileReference; lastKnownFileType = sourcecode.swift; path = ListingDetailsScreenView.swift; sourceTree = "<group>"; };
		46279AE6292DAC9100C6971E /* ListingsService.swift */ = {isa = PBXFileReference; lastKnownFileType = sourcecode.swift; path = ListingsService.swift; sourceTree = "<group>"; };
		46279AE8292DACD700C6971E /* NetworkListingsService.swift */ = {isa = PBXFileReference; lastKnownFileType = sourcecode.swift; path = NetworkListingsService.swift; sourceTree = "<group>"; };
		46279AEB292DB9F500C6971E /* HTTPClient.swift */ = {isa = PBXFileReference; lastKnownFileType = sourcecode.swift; path = HTTPClient.swift; sourceTree = "<group>"; };
		46279AF1292DC58400C6971E /* CachedAsyncImage.swift */ = {isa = PBXFileReference; lastKnownFileType = sourcecode.swift; path = CachedAsyncImage.swift; sourceTree = "<group>"; };
		46279AF4292DE74500C6971E /* ImageCache.swift */ = {isa = PBXFileReference; lastKnownFileType = sourcecode.swift; path = ImageCache.swift; sourceTree = "<group>"; };
		46279AF6292DE7E600C6971E /* ImageLoader.swift */ = {isa = PBXFileReference; lastKnownFileType = sourcecode.swift; path = ImageLoader.swift; sourceTree = "<group>"; };
		46279AF8292DEB6600C6971E /* ListingViewModel.swift */ = {isa = PBXFileReference; lastKnownFileType = sourcecode.swift; path = ListingViewModel.swift; sourceTree = "<group>"; };
/* End PBXFileReference section */

/* Begin PBXFrameworksBuildPhase section */
		46279AC3292D1D7400C6971E /* Frameworks */ = {
			isa = PBXFrameworksBuildPhase;
			buildActionMask = 2147483647;
			files = (
			);
			runOnlyForDeploymentPostprocessing = 0;
		};
/* End PBXFrameworksBuildPhase section */

/* Begin PBXGroup section */
		46279ABD292D1D7400C6971E = {
			isa = PBXGroup;
			children = (
				46279AC8292D1D7400C6971E /* Classifieds */,
				46279AC7292D1D7400C6971E /* Products */,
			);
			sourceTree = "<group>";
		};
		46279AC7292D1D7400C6971E /* Products */ = {
			isa = PBXGroup;
			children = (
				46279AC6292D1D7400C6971E /* Classifieds.app */,
			);
			name = Products;
			sourceTree = "<group>";
		};
		46279AC8292D1D7400C6971E /* Classifieds */ = {
			isa = PBXGroup;
			children = (
				46279AE5292DAC6F00C6971E /* data */,
				46279AF0292DC2AD00C6971E /* utils */,
				46279ADC292D2C4300C6971E /* screens */,
				46279AC9292D1D7400C6971E /* ClassifiedsApp.swift */,
				46279ACD292D1D7600C6971E /* Assets.xcassets */,
				46279ACF292D1D7600C6971E /* Preview Content */,
			);
			path = Classifieds;
			sourceTree = "<group>";
		};
		46279ACF292D1D7600C6971E /* Preview Content */ = {
			isa = PBXGroup;
			children = (
				46279AD0292D1D7600C6971E /* Preview Assets.xcassets */,
			);
			path = "Preview Content";
			sourceTree = "<group>";
		};
		46279AD7292D235400C6971E /* models */ = {
			isa = PBXGroup;
			children = (
				46279AD8292D241C00C6971E /* Listing.swift */,
				46279ADA292D250D00C6971E /* ListingsResponse.swift */,
			);
			path = models;
			sourceTree = "<group>";
		};
		46279ADC292D2C4300C6971E /* screens */ = {
			isa = PBXGroup;
			children = (
				46279AE2292D583F00C6971E /* details */,
				46279ADD292D2CAC00C6971E /* home */,
			);
			path = screens;
			sourceTree = "<group>";
		};
		46279ADD292D2CAC00C6971E /* home */ = {
			isa = PBXGroup;
			children = (
				46279ACB292D1D7400C6971E /* HomeScreenView.swift */,
				46279AE0292D485F00C6971E /* HomeViewModel.swift */,
				46279ADE292D389F00C6971E /* ListingView.swift */,
				46279AF8292DEB6600C6971E /* ListingViewModel.swift */,
			);
			path = home;
			sourceTree = "<group>";
		};
		46279AE2292D583F00C6971E /* details */ = {
			isa = PBXGroup;
			children = (
				46279AE3292D585D00C6971E /* ListingDetailsScreenView.swift */,
			);
			path = details;
			sourceTree = "<group>";
		};
		46279AE5292DAC6F00C6971E /* data */ = {
			isa = PBXGroup;
			children = (
				46279AEA292DB9E500C6971E /* network */,
				46279AD7292D235400C6971E /* models */,
				46279AE6292DAC9100C6971E /* ListingsService.swift */,
				46279AE8292DACD700C6971E /* NetworkListingsService.swift */,
			);
			path = data;
			sourceTree = "<group>";
		};
		46279AEA292DB9E500C6971E /* network */ = {
			isa = PBXGroup;
			children = (
				46279AEB292DB9F500C6971E /* HTTPClient.swift */,
			);
			path = network;
			sourceTree = "<group>";
		};
		46279AF0292DC2AD00C6971E /* utils */ = {
			isa = PBXGroup;
			children = (
				46279AF3292DE71F00C6971E /* CachedAsyncImage */,
			);
			path = utils;
			sourceTree = "<group>";
		};
		46279AF3292DE71F00C6971E /* CachedAsyncImage */ = {
			isa = PBXGroup;
			children = (
				46279AF1292DC58400C6971E /* CachedAsyncImage.swift */,
				46279AF4292DE74500C6971E /* ImageCache.swift */,
				46279AF6292DE7E600C6971E /* ImageLoader.swift */,
			);
			path = CachedAsyncImage;
			sourceTree = "<group>";
		};
/* End PBXGroup section */

/* Begin PBXNativeTarget section */
		46279AC5292D1D7400C6971E /* Classifieds */ = {
			isa = PBXNativeTarget;
			buildConfigurationList = 46279AD4292D1D7600C6971E /* Build configuration list for PBXNativeTarget "Classifieds" */;
			buildPhases = (
				46279AC2292D1D7400C6971E /* Sources */,
				46279AC3292D1D7400C6971E /* Frameworks */,
				46279AC4292D1D7400C6971E /* Resources */,
			);
			buildRules = (
			);
			dependencies = (
			);
			name = Classifieds;
			packageProductDependencies = (
			);
			productName = Classifieds;
			productReference = 46279AC6292D1D7400C6971E /* Classifieds.app */;
			productType = "com.apple.product-type.application";
		};
/* End PBXNativeTarget section */

/* Begin PBXProject section */
		46279ABE292D1D7400C6971E /* Project object */ = {
			isa = PBXProject;
			attributes = {
				BuildIndependentTargetsInParallel = 1;
				LastSwiftUpdateCheck = 1410;
				LastUpgradeCheck = 1410;
				TargetAttributes = {
					46279AC5292D1D7400C6971E = {
						CreatedOnToolsVersion = 14.1;
					};
				};
			};
			buildConfigurationList = 46279AC1292D1D7400C6971E /* Build configuration list for PBXProject "Classifieds" */;
			compatibilityVersion = "Xcode 14.0";
			developmentRegion = en;
			hasScannedForEncodings = 0;
			knownRegions = (
				en,
				Base,
			);
			mainGroup = 46279ABD292D1D7400C6971E;
			packageReferences = (
			);
			productRefGroup = 46279AC7292D1D7400C6971E /* Products */;
			projectDirPath = "";
			projectRoot = "";
			targets = (
				46279AC5292D1D7400C6971E /* Classifieds */,
			);
		};
/* End PBXProject section */

/* Begin PBXResourcesBuildPhase section */
		46279AC4292D1D7400C6971E /* Resources */ = {
			isa = PBXResourcesBuildPhase;
			buildActionMask = 2147483647;
			files = (
				46279AD1292D1D7600C6971E /* Preview Assets.xcassets in Resources */,
				46279ACE292D1D7600C6971E /* Assets.xcassets in Resources */,
			);
			runOnlyForDeploymentPostprocessing = 0;
		};
/* End PBXResourcesBuildPhase section */

/* Begin PBXSourcesBuildPhase section */
		46279AC2292D1D7400C6971E /* Sources */ = {
			isa = PBXSourcesBuildPhase;
			buildActionMask = 2147483647;
			files = (
				46279ACC292D1D7400C6971E /* HomeScreenView.swift in Sources */,
				46279AF9292DEB6600C6971E /* ListingViewModel.swift in Sources */,
				46279AE1292D485F00C6971E /* HomeViewModel.swift in Sources */,
				46279ADF292D389F00C6971E /* ListingView.swift in Sources */,
				46279AE4292D585D00C6971E /* ListingDetailsScreenView.swift in Sources */,
				46279ADB292D250D00C6971E /* ListingsResponse.swift in Sources */,
				46279AD9292D241C00C6971E /* Listing.swift in Sources */,
				46279AF5292DE74500C6971E /* ImageCache.swift in Sources */,
				46279AF2292DC58400C6971E /* CachedAsyncImage.swift in Sources */,
				46279AEC292DB9F500C6971E /* HTTPClient.swift in Sources */,
				46279AE7292DAC9100C6971E /* ListingsService.swift in Sources */,
				46279AE9292DACD700C6971E /* NetworkListingsService.swift in Sources */,
				46279ACA292D1D7400C6971E /* ClassifiedsApp.swift in Sources */,
				46279AF7292DE7E600C6971E /* ImageLoader.swift in Sources */,
			);
			runOnlyForDeploymentPostprocessing = 0;
		};
/* End PBXSourcesBuildPhase section */

/* Begin XCBuildConfiguration section */
		46279AD2292D1D7600C6971E /* Debug */ = {
			isa = XCBuildConfiguration;
			buildSettings = {
				ALWAYS_SEARCH_USER_PATHS = NO;
				CLANG_ANALYZER_NONNULL = YES;
				CLANG_ANALYZER_NUMBER_OBJECT_CONVERSION = YES_AGGRESSIVE;
				CLANG_CXX_LANGUAGE_STANDARD = "gnu++20";
				CLANG_ENABLE_MODULES = YES;
				CLANG_ENABLE_OBJC_ARC = YES;
				CLANG_ENABLE_OBJC_WEAK = YES;
				CLANG_WARN_BLOCK_CAPTURE_AUTORELEASING = YES;
				CLANG_WARN_BOOL_CONVERSION = YES;
				CLANG_WARN_COMMA = YES;
				CLANG_WARN_CONSTANT_CONVERSION = YES;
				CLANG_WARN_DEPRECATED_OBJC_IMPLEMENTATIONS = YES;
				CLANG_WARN_DIRECT_OBJC_ISA_USAGE = YES_ERROR;
				CLANG_WARN_DOCUMENTATION_COMMENTS = YES;
				CLANG_WARN_EMPTY_BODY = YES;
				CLANG_WARN_ENUM_CONVERSION = YES;
				CLANG_WARN_INFINITE_RECURSION = YES;
				CLANG_WARN_INT_CONVERSION = YES;
				CLANG_WARN_NON_LITERAL_NULL_CONVERSION = YES;
				CLANG_WARN_OBJC_IMPLICIT_RETAIN_SELF = YES;
				CLANG_WARN_OBJC_LITERAL_CONVERSION = YES;
				CLANG_WARN_OBJC_ROOT_CLASS = YES_ERROR;
				CLANG_WARN_QUOTED_INCLUDE_IN_FRAMEWORK_HEADER = YES;
				CLANG_WARN_RANGE_LOOP_ANALYSIS = YES;
				CLANG_WARN_STRICT_PROTOTYPES = YES;
				CLANG_WARN_SUSPICIOUS_MOVE = YES;
				CLANG_WARN_UNGUARDED_AVAILABILITY = YES_AGGRESSIVE;
				CLANG_WARN_UNREACHABLE_CODE = YES;
				CLANG_WARN__DUPLICATE_METHOD_MATCH = YES;
				COPY_PHASE_STRIP = NO;
				DEBUG_INFORMATION_FORMAT = dwarf;
				ENABLE_STRICT_OBJC_MSGSEND = YES;
				ENABLE_TESTABILITY = YES;
				GCC_C_LANGUAGE_STANDARD = gnu11;
				GCC_DYNAMIC_NO_PIC = NO;
				GCC_NO_COMMON_BLOCKS = YES;
				GCC_OPTIMIZATION_LEVEL = 0;
				GCC_PREPROCESSOR_DEFINITIONS = (
					"DEBUG=1",
					"$(inherited)",
				);
				GCC_WARN_64_TO_32_BIT_CONVERSION = YES;
				GCC_WARN_ABOUT_RETURN_TYPE = YES_ERROR;
				GCC_WARN_UNDECLARED_SELECTOR = YES;
				GCC_WARN_UNINITIALIZED_AUTOS = YES_AGGRESSIVE;
				GCC_WARN_UNUSED_FUNCTION = YES;
				GCC_WARN_UNUSED_VARIABLE = YES;
				IPHONEOS_DEPLOYMENT_TARGET = 16.1;
				MTL_ENABLE_DEBUG_INFO = INCLUDE_SOURCE;
				MTL_FAST_MATH = YES;
				ONLY_ACTIVE_ARCH = YES;
				SDKROOT = iphoneos;
				SWIFT_ACTIVE_COMPILATION_CONDITIONS = DEBUG;
				SWIFT_OPTIMIZATION_LEVEL = "-Onone";
			};
			name = Debug;
		};
		46279AD3292D1D7600C6971E /* Release */ = {
			isa = XCBuildConfiguration;
			buildSettings = {
				ALWAYS_SEARCH_USER_PATHS = NO;
				CLANG_ANALYZER_NONNULL = YES;
				CLANG_ANALYZER_NUMBER_OBJECT_CONVERSION = YES_AGGRESSIVE;
				CLANG_CXX_LANGUAGE_STANDARD = "gnu++20";
				CLANG_ENABLE_MODULES = YES;
				CLANG_ENABLE_OBJC_ARC = YES;
				CLANG_ENABLE_OBJC_WEAK = YES;
				CLANG_WARN_BLOCK_CAPTURE_AUTORELEASING = YES;
				CLANG_WARN_BOOL_CONVERSION = YES;
				CLANG_WARN_COMMA = YES;
				CLANG_WARN_CONSTANT_CONVERSION = YES;
				CLANG_WARN_DEPRECATED_OBJC_IMPLEMENTATIONS = YES;
				CLANG_WARN_DIRECT_OBJC_ISA_USAGE = YES_ERROR;
				CLANG_WARN_DOCUMENTATION_COMMENTS = YES;
				CLANG_WARN_EMPTY_BODY = YES;
				CLANG_WARN_ENUM_CONVERSION = YES;
				CLANG_WARN_INFINITE_RECURSION = YES;
				CLANG_WARN_INT_CONVERSION = YES;
				CLANG_WARN_NON_LITERAL_NULL_CONVERSION = YES;
				CLANG_WARN_OBJC_IMPLICIT_RETAIN_SELF = YES;
				CLANG_WARN_OBJC_LITERAL_CONVERSION = YES;
				CLANG_WARN_OBJC_ROOT_CLASS = YES_ERROR;
				CLANG_WARN_QUOTED_INCLUDE_IN_FRAMEWORK_HEADER = YES;
				CLANG_WARN_RANGE_LOOP_ANALYSIS = YES;
				CLANG_WARN_STRICT_PROTOTYPES = YES;
				CLANG_WARN_SUSPICIOUS_MOVE = YES;
				CLANG_WARN_UNGUARDED_AVAILABILITY = YES_AGGRESSIVE;
				CLANG_WARN_UNREACHABLE_CODE = YES;
				CLANG_WARN__DUPLICATE_METHOD_MATCH = YES;
				COPY_PHASE_STRIP = NO;
				DEBUG_INFORMATION_FORMAT = "dwarf-with-dsym";
				ENABLE_NS_ASSERTIONS = NO;
				ENABLE_STRICT_OBJC_MSGSEND = YES;
				GCC_C_LANGUAGE_STANDARD = gnu11;
				GCC_NO_COMMON_BLOCKS = YES;
				GCC_WARN_64_TO_32_BIT_CONVERSION = YES;
				GCC_WARN_ABOUT_RETURN_TYPE = YES_ERROR;
				GCC_WARN_UNDECLARED_SELECTOR = YES;
				GCC_WARN_UNINITIALIZED_AUTOS = YES_AGGRESSIVE;
				GCC_WARN_UNUSED_FUNCTION = YES;
				GCC_WARN_UNUSED_VARIABLE = YES;
				IPHONEOS_DEPLOYMENT_TARGET = 16.1;
				MTL_ENABLE_DEBUG_INFO = NO;
				MTL_FAST_MATH = YES;
				SDKROOT = iphoneos;
				SWIFT_COMPILATION_MODE = wholemodule;
				SWIFT_OPTIMIZATION_LEVEL = "-O";
				VALIDATE_PRODUCT = YES;
			};
			name = Release;
		};
		46279AD5292D1D7600C6971E /* Debug */ = {
			isa = XCBuildConfiguration;
			buildSettings = {
				ASSETCATALOG_COMPILER_APPICON_NAME = AppIcon;
				ASSETCATALOG_COMPILER_GLOBAL_ACCENT_COLOR_NAME = AccentColor;
				CODE_SIGN_STYLE = Automatic;
				CURRENT_PROJECT_VERSION = 1;
				DEVELOPMENT_ASSET_PATHS = "\"Classifieds/Preview Content\"";
				DEVELOPMENT_TEAM = KYCVLD89Y4;
				ENABLE_PREVIEWS = YES;
				GENERATE_INFOPLIST_FILE = YES;
				INFOPLIST_KEY_UIApplicationSceneManifest_Generation = YES;
				INFOPLIST_KEY_UIApplicationSupportsIndirectInputEvents = YES;
				INFOPLIST_KEY_UILaunchScreen_Generation = YES;
				INFOPLIST_KEY_UISupportedInterfaceOrientations_iPad = "UIInterfaceOrientationPortrait UIInterfaceOrientationPortraitUpsideDown UIInterfaceOrientationLandscapeLeft UIInterfaceOrientationLandscapeRight";
				INFOPLIST_KEY_UISupportedInterfaceOrientations_iPhone = "UIInterfaceOrientationPortrait UIInterfaceOrientationLandscapeLeft UIInterfaceOrientationLandscapeRight";
				LD_RUNPATH_SEARCH_PATHS = (
					"$(inherited)",
					"@executable_path/Frameworks",
				);
				MARKETING_VERSION = 1.0;
				PRODUCT_BUNDLE_IDENTIFIER = com.aelzohry.Classifieds;
				PRODUCT_NAME = "$(TARGET_NAME)";
				SWIFT_EMIT_LOC_STRINGS = YES;
				SWIFT_VERSION = 5.0;
				TARGETED_DEVICE_FAMILY = "1,2";
			};
			name = Debug;
		};
		46279AD6292D1D7600C6971E /* Release */ = {
			isa = XCBuildConfiguration;
			buildSettings = {
				ASSETCATALOG_COMPILER_APPICON_NAME = AppIcon;
				ASSETCATALOG_COMPILER_GLOBAL_ACCENT_COLOR_NAME = AccentColor;
				CODE_SIGN_STYLE = Automatic;
				CURRENT_PROJECT_VERSION = 1;
				DEVELOPMENT_ASSET_PATHS = "\"Classifieds/Preview Content\"";
				DEVELOPMENT_TEAM = KYCVLD89Y4;
				ENABLE_PREVIEWS = YES;
				GENERATE_INFOPLIST_FILE = YES;
				INFOPLIST_KEY_UIApplicationSceneManifest_Generation = YES;
				INFOPLIST_KEY_UIApplicationSupportsIndirectInputEvents = YES;
				INFOPLIST_KEY_UILaunchScreen_Generation = YES;
				INFOPLIST_KEY_UISupportedInterfaceOrientations_iPad = "UIInterfaceOrientationPortrait UIInterfaceOrientationPortraitUpsideDown UIInterfaceOrientationLandscapeLeft UIInterfaceOrientationLandscapeRight";
				INFOPLIST_KEY_UISupportedInterfaceOrientations_iPhone = "UIInterfaceOrientationPortrait UIInterfaceOrientationLandscapeLeft UIInterfaceOrientationLandscapeRight";
				LD_RUNPATH_SEARCH_PATHS = (
					"$(inherited)",
					"@executable_path/Frameworks",
				);
				MARKETING_VERSION = 1.0;
				PRODUCT_BUNDLE_IDENTIFIER = com.aelzohry.Classifieds;
				PRODUCT_NAME = "$(TARGET_NAME)";
				SWIFT_EMIT_LOC_STRINGS = YES;
				SWIFT_VERSION = 5.0;
				TARGETED_DEVICE_FAMILY = "1,2";
			};
			name = Release;
		};
/* End XCBuildConfiguration section */

/* Begin XCConfigurationList section */
		46279AC1292D1D7400C6971E /* Build configuration list for PBXProject "Classifieds" */ = {
			isa = XCConfigurationList;
			buildConfigurations = (
				46279AD2292D1D7600C6971E /* Debug */,
				46279AD3292D1D7600C6971E /* Release */,
			);
			defaultConfigurationIsVisible = 0;
			defaultConfigurationName = Release;
		};
		46279AD4292D1D7600C6971E /* Build configuration list for PBXNativeTarget "Classifieds" */ = {
			isa = XCConfigurationList;
			buildConfigurations = (
				46279AD5292D1D7600C6971E /* Debug */,
				46279AD6292D1D7600C6971E /* Release */,
			);
			defaultConfigurationIsVisible = 0;
			defaultConfigurationName = Release;
		};
/* End XCConfigurationList section */
	};
	rootObject = 46279ABE292D1D7400C6971E /* Project object */;
}
